// !$*UTF8*$!
{
	archiveVersion = 1;
	classes = {
	};
	objectVersion = 46;
	objects = {

/* Begin PBXBuildFile section */
		0D0F9CCA18C73387007DBD61 /* RemarkCell.xib in Resources */ = {isa = PBXBuildFile; fileRef = 0D0F9CC918C73387007DBD61 /* RemarkCell.xib */; };
		0D0F9CCD18C733A7007DBD61 /* RemarkCell.m in Sources */ = {isa = PBXBuildFile; fileRef = 0D0F9CCC18C733A7007DBD61 /* RemarkCell.m */; };
		0D0F9CCF18C737AC007DBD61 /* DetailRemarkCell.xib in Resources */ = {isa = PBXBuildFile; fileRef = 0D0F9CCE18C737AC007DBD61 /* DetailRemarkCell.xib */; };
		0D0F9CD218C737B7007DBD61 /* DetailRemarkCell.m in Sources */ = {isa = PBXBuildFile; fileRef = 0D0F9CD118C737B7007DBD61 /* DetailRemarkCell.m */; };
		0D11260718C6077F00CD27D3 /* ImageAndNameCell.xib in Resources */ = {isa = PBXBuildFile; fileRef = 0D11260618C6077F00CD27D3 /* ImageAndNameCell.xib */; };
		0D11260918C607BE00CD27D3 /* avatar.png in Resources */ = {isa = PBXBuildFile; fileRef = 0D11260818C607BE00CD27D3 /* avatar.png */; };
		0D11260C18C607EC00CD27D3 /* ImageAndNameCell.m in Sources */ = {isa = PBXBuildFile; fileRef = 0D11260B18C607EC00CD27D3 /* ImageAndNameCell.m */; };
		0D11260E18C6092700CD27D3 /* LabelTextFieldCell.xib in Resources */ = {isa = PBXBuildFile; fileRef = 0D11260D18C6092700CD27D3 /* LabelTextFieldCell.xib */; };
		0D11261118C6093600CD27D3 /* LabelTextFieldCell.m in Sources */ = {isa = PBXBuildFile; fileRef = 0D11261018C6093600CD27D3 /* LabelTextFieldCell.m */; };
		0D21669F18C6101200FF4612 /* SettingViewController.m in Sources */ = {isa = PBXBuildFile; fileRef = 0D21669D18C6101200FF4612 /* SettingViewController.m */; };
		0D2166A018C6101200FF4612 /* SettingViewController.xib in Resources */ = {isa = PBXBuildFile; fileRef = 0D21669E18C6101200FF4612 /* SettingViewController.xib */; };
		0D37726918C6B9A300CDD568 /* MyDetailViewController.m in Sources */ = {isa = PBXBuildFile; fileRef = 0D37726718C6B9A300CDD568 /* MyDetailViewController.m */; };
		0D37726A18C6B9A300CDD568 /* MyDetailViewController.xib in Resources */ = {isa = PBXBuildFile; fileRef = 0D37726818C6B9A300CDD568 /* MyDetailViewController.xib */; };
		0D37726D18C6BF2900CDD568 /* DatailAvatarAndNameCell.xib in Resources */ = {isa = PBXBuildFile; fileRef = 0D37726C18C6BF2900CDD568 /* DatailAvatarAndNameCell.xib */; };
		0D37727018C6BF4000CDD568 /* DatailAvatarAndNameCell.m in Sources */ = {isa = PBXBuildFile; fileRef = 0D37726F18C6BF4000CDD568 /* DatailAvatarAndNameCell.m */; };
		0D37727218C6C06200CDD568 /* DatailContentCell.xib in Resources */ = {isa = PBXBuildFile; fileRef = 0D37727118C6C06200CDD568 /* DatailContentCell.xib */; };
		0D37727518C6C07C00CDD568 /* DatailContentCell.m in Sources */ = {isa = PBXBuildFile; fileRef = 0D37727418C6C07C00CDD568 /* DatailContentCell.m */; };
		0D5A470D18C57A16007D85FE /* Foundation.framework in Frameworks */ = {isa = PBXBuildFile; fileRef = 0D5A470C18C57A16007D85FE /* Foundation.framework */; };
		0D5A470F18C57A16007D85FE /* CoreGraphics.framework in Frameworks */ = {isa = PBXBuildFile; fileRef = 0D5A470E18C57A16007D85FE /* CoreGraphics.framework */; };
		0D5A471118C57A16007D85FE /* UIKit.framework in Frameworks */ = {isa = PBXBuildFile; fileRef = 0D5A471018C57A16007D85FE /* UIKit.framework */; };
		0D5A471918C57A16007D85FE /* main.m in Sources */ = {isa = PBXBuildFile; fileRef = 0D5A471818C57A16007D85FE /* main.m */; };
		0D5A471D18C57A16007D85FE /* AppDelegate.m in Sources */ = {isa = PBXBuildFile; fileRef = 0D5A471C18C57A16007D85FE /* AppDelegate.m */; };
		0D5A471F18C57A16007D85FE /* Images.xcassets in Resources */ = {isa = PBXBuildFile; fileRef = 0D5A471E18C57A16007D85FE /* Images.xcassets */; };
		0D5A472618C57A16007D85FE /* XCTest.framework in Frameworks */ = {isa = PBXBuildFile; fileRef = 0D5A472518C57A16007D85FE /* XCTest.framework */; };
		0D5A472718C57A16007D85FE /* Foundation.framework in Frameworks */ = {isa = PBXBuildFile; fileRef = 0D5A470C18C57A16007D85FE /* Foundation.framework */; };
		0D5A472818C57A16007D85FE /* UIKit.framework in Frameworks */ = {isa = PBXBuildFile; fileRef = 0D5A471018C57A16007D85FE /* UIKit.framework */; };
		0D5A473018C57A16007D85FE /* InfoPlist.strings in Resources */ = {isa = PBXBuildFile; fileRef = 0D5A472E18C57A16007D85FE /* InfoPlist.strings */; };
		0D5A473218C57A16007D85FE /* practiceTests.m in Sources */ = {isa = PBXBuildFile; fileRef = 0D5A473118C57A16007D85FE /* practiceTests.m */; };
		0D5A473E18C57A33007D85FE /* MyViewController.m in Sources */ = {isa = PBXBuildFile; fileRef = 0D5A473C18C57A33007D85FE /* MyViewController.m */; };
		0D5A473F18C57A33007D85FE /* MyViewController.xib in Resources */ = {isa = PBXBuildFile; fileRef = 0D5A473D18C57A33007D85FE /* MyViewController.xib */; };
		0D5A478A18C57CCF007D85FE /* MyTableViewCell.xib in Resources */ = {isa = PBXBuildFile; fileRef = 0D5A478918C57CCF007D85FE /* MyTableViewCell.xib */; };
		0D5A47AF18C57DBC007D85FE /* MyTableViewCell.m in Sources */ = {isa = PBXBuildFile; fileRef = 0D5A47AE18C57DBC007D85FE /* MyTableViewCell.m */; };
		0D5A47B318C5855C007D85FE /* AddViewController.m in Sources */ = {isa = PBXBuildFile; fileRef = 0D5A47B118C5855C007D85FE /* AddViewController.m */; };
		0D5A47B418C5855C007D85FE /* AddViewController.xib in Resources */ = {isa = PBXBuildFile; fileRef = 0D5A47B218C5855C007D85FE /* AddViewController.xib */; };
		0D5A47B718C591A9007D85FE /* CellData.m in Sources */ = {isa = PBXBuildFile; fileRef = 0D5A47B618C591A9007D85FE /* CellData.m */; };
		0D8F0D3218C9C1E00090982B /* DataBase.m in Sources */ = {isa = PBXBuildFile; fileRef = 0D8F0D3118C9C1E00090982B /* DataBase.m */; };
		0DC7111318C703F10052DE96 /* LockViewController.m in Sources */ = {isa = PBXBuildFile; fileRef = 0DC7111118C703F10052DE96 /* LockViewController.m */; };
		0DC7111418C703F10052DE96 /* LockViewController.xib in Resources */ = {isa = PBXBuildFile; fileRef = 0DC7111218C703F10052DE96 /* LockViewController.xib */; };
		0DF344A418C979BC00DA0DC6 /* FMDatabase.m in Sources */ = {isa = PBXBuildFile; fileRef = 0DF3449B18C979BC00DA0DC6 /* FMDatabase.m */; };
		0DF344A518C979BC00DA0DC6 /* FMDatabaseAdditions.m in Sources */ = {isa = PBXBuildFile; fileRef = 0DF3449D18C979BC00DA0DC6 /* FMDatabaseAdditions.m */; };
		0DF344A618C979BC00DA0DC6 /* FMDatabasePool.m in Sources */ = {isa = PBXBuildFile; fileRef = 0DF3449F18C979BC00DA0DC6 /* FMDatabasePool.m */; };
		0DF344A718C979BC00DA0DC6 /* FMDatabaseQueue.m in Sources */ = {isa = PBXBuildFile; fileRef = 0DF344A118C979BC00DA0DC6 /* FMDatabaseQueue.m */; };
		0DF344A818C979BC00DA0DC6 /* FMResultSet.m in Sources */ = {isa = PBXBuildFile; fileRef = 0DF344A318C979BC00DA0DC6 /* FMResultSet.m */; };
		0DF344AA18C979EB00DA0DC6 /* libsqlite3.dylib in Frameworks */ = {isa = PBXBuildFile; fileRef = 0DF344A918C979EB00DA0DC6 /* libsqlite3.dylib */; };
/* End PBXBuildFile section */

/* Begin PBXContainerItemProxy section */
		0D5A472918C57A16007D85FE /* PBXContainerItemProxy */ = {
			isa = PBXContainerItemProxy;
			containerPortal = 0D5A470118C57A16007D85FE /* Project object */;
			proxyType = 1;
			remoteGlobalIDString = 0D5A470818C57A16007D85FE;
			remoteInfo = practice;
		};
/* End PBXContainerItemProxy section */

/* Begin PBXFileReference section */
		0D0F9CC918C73387007DBD61 /* RemarkCell.xib */ = {isa = PBXFileReference; fileEncoding = 4; lastKnownFileType = file.xib; path = RemarkCell.xib; sourceTree = "<group>"; };
		0D0F9CCB18C733A7007DBD61 /* RemarkCell.h */ = {isa = PBXFileReference; fileEncoding = 4; lastKnownFileType = sourcecode.c.h; path = RemarkCell.h; sourceTree = "<group>"; };
		0D0F9CCC18C733A7007DBD61 /* RemarkCell.m */ = {isa = PBXFileReference; fileEncoding = 4; lastKnownFileType = sourcecode.c.objc; path = RemarkCell.m; sourceTree = "<group>"; };
		0D0F9CCE18C737AC007DBD61 /* DetailRemarkCell.xib */ = {isa = PBXFileReference; fileEncoding = 4; lastKnownFileType = file.xib; path = DetailRemarkCell.xib; sourceTree = "<group>"; };
		0D0F9CD018C737B7007DBD61 /* DetailRemarkCell.h */ = {isa = PBXFileReference; fileEncoding = 4; lastKnownFileType = sourcecode.c.h; path = DetailRemarkCell.h; sourceTree = "<group>"; };
		0D0F9CD118C737B7007DBD61 /* DetailRemarkCell.m */ = {isa = PBXFileReference; fileEncoding = 4; lastKnownFileType = sourcecode.c.objc; path = DetailRemarkCell.m; sourceTree = "<group>"; };
		0D11260618C6077F00CD27D3 /* ImageAndNameCell.xib */ = {isa = PBXFileReference; fileEncoding = 4; lastKnownFileType = file.xib; path = ImageAndNameCell.xib; sourceTree = "<group>"; };
		0D11260818C607BE00CD27D3 /* avatar.png */ = {isa = PBXFileReference; lastKnownFileType = image.png; path = avatar.png; sourceTree = SOURCE_ROOT; };
		0D11260A18C607EC00CD27D3 /* ImageAndNameCell.h */ = {isa = PBXFileReference; fileEncoding = 4; lastKnownFileType = sourcecode.c.h; path = ImageAndNameCell.h; sourceTree = "<group>"; };
		0D11260B18C607EC00CD27D3 /* ImageAndNameCell.m */ = {isa = PBXFileReference; fileEncoding = 4; lastKnownFileType = sourcecode.c.objc; path = ImageAndNameCell.m; sourceTree = "<group>"; };
		0D11260D18C6092700CD27D3 /* LabelTextFieldCell.xib */ = {isa = PBXFileReference; fileEncoding = 4; lastKnownFileType = file.xib; path = LabelTextFieldCell.xib; sourceTree = "<group>"; };
		0D11260F18C6093600CD27D3 /* LabelTextFieldCell.h */ = {isa = PBXFileReference; fileEncoding = 4; lastKnownFileType = sourcecode.c.h; path = LabelTextFieldCell.h; sourceTree = "<group>"; };
		0D11261018C6093600CD27D3 /* LabelTextFieldCell.m */ = {isa = PBXFileReference; fileEncoding = 4; lastKnownFileType = sourcecode.c.objc; path = LabelTextFieldCell.m; sourceTree = "<group>"; };
		0D21669C18C6101200FF4612 /* SettingViewController.h */ = {isa = PBXFileReference; fileEncoding = 4; lastKnownFileType = sourcecode.c.h; path = SettingViewController.h; sourceTree = "<group>"; };
		0D21669D18C6101200FF4612 /* SettingViewController.m */ = {isa = PBXFileReference; fileEncoding = 4; lastKnownFileType = sourcecode.c.objc; path = SettingViewController.m; sourceTree = "<group>"; };
		0D21669E18C6101200FF4612 /* SettingViewController.xib */ = {isa = PBXFileReference; fileEncoding = 4; lastKnownFileType = file.xib; path = SettingViewController.xib; sourceTree = "<group>"; };
		0D37726618C6B9A300CDD568 /* MyDetailViewController.h */ = {isa = PBXFileReference; fileEncoding = 4; lastKnownFileType = sourcecode.c.h; name = MyDetailViewController.h; path = ../practice/MyDetailViewController.h; sourceTree = "<group>"; };
		0D37726718C6B9A300CDD568 /* MyDetailViewController.m */ = {isa = PBXFileReference; fileEncoding = 4; lastKnownFileType = sourcecode.c.objc; name = MyDetailViewController.m; path = ../practice/MyDetailViewController.m; sourceTree = "<group>"; };
		0D37726818C6B9A300CDD568 /* MyDetailViewController.xib */ = {isa = PBXFileReference; fileEncoding = 4; lastKnownFileType = file.xib; name = MyDetailViewController.xib; path = ../practice/MyDetailViewController.xib; sourceTree = "<group>"; };
		0D37726C18C6BF2900CDD568 /* DatailAvatarAndNameCell.xib */ = {isa = PBXFileReference; fileEncoding = 4; lastKnownFileType = file.xib; path = DatailAvatarAndNameCell.xib; sourceTree = "<group>"; };
		0D37726E18C6BF4000CDD568 /* DatailAvatarAndNameCell.h */ = {isa = PBXFileReference; fileEncoding = 4; lastKnownFileType = sourcecode.c.h; path = DatailAvatarAndNameCell.h; sourceTree = "<group>"; };
		0D37726F18C6BF4000CDD568 /* DatailAvatarAndNameCell.m */ = {isa = PBXFileReference; fileEncoding = 4; lastKnownFileType = sourcecode.c.objc; path = DatailAvatarAndNameCell.m; sourceTree = "<group>"; };
		0D37727118C6C06200CDD568 /* DatailContentCell.xib */ = {isa = PBXFileReference; fileEncoding = 4; lastKnownFileType = file.xib; path = DatailContentCell.xib; sourceTree = "<group>"; };
		0D37727318C6C07C00CDD568 /* DatailContentCell.h */ = {isa = PBXFileReference; fileEncoding = 4; lastKnownFileType = sourcecode.c.h; path = DatailContentCell.h; sourceTree = "<group>"; };
		0D37727418C6C07C00CDD568 /* DatailContentCell.m */ = {isa = PBXFileReference; fileEncoding = 4; lastKnownFileType = sourcecode.c.objc; path = DatailContentCell.m; sourceTree = "<group>"; };
		0D5A470918C57A16007D85FE /* practice.app */ = {isa = PBXFileReference; explicitFileType = wrapper.application; includeInIndex = 0; path = practice.app; sourceTree = BUILT_PRODUCTS_DIR; };
		0D5A470C18C57A16007D85FE /* Foundation.framework */ = {isa = PBXFileReference; lastKnownFileType = wrapper.framework; name = Foundation.framework; path = System/Library/Frameworks/Foundation.framework; sourceTree = SDKROOT; };
		0D5A470E18C57A16007D85FE /* CoreGraphics.framework */ = {isa = PBXFileReference; lastKnownFileType = wrapper.framework; name = CoreGraphics.framework; path = System/Library/Frameworks/CoreGraphics.framework; sourceTree = SDKROOT; };
		0D5A471018C57A16007D85FE /* UIKit.framework */ = {isa = PBXFileReference; lastKnownFileType = wrapper.framework; name = UIKit.framework; path = System/Library/Frameworks/UIKit.framework; sourceTree = SDKROOT; };
		0D5A471818C57A16007D85FE /* main.m */ = {isa = PBXFileReference; lastKnownFileType = sourcecode.c.objc; path = main.m; sourceTree = "<group>"; };
		0D5A471A18C57A16007D85FE /* practice-Prefix.pch */ = {isa = PBXFileReference; lastKnownFileType = sourcecode.c.h; path = "practice-Prefix.pch"; sourceTree = "<group>"; };
		0D5A471B18C57A16007D85FE /* AppDelegate.h */ = {isa = PBXFileReference; lastKnownFileType = sourcecode.c.h; path = AppDelegate.h; sourceTree = "<group>"; };
		0D5A471C18C57A16007D85FE /* AppDelegate.m */ = {isa = PBXFileReference; lastKnownFileType = sourcecode.c.objc; path = AppDelegate.m; sourceTree = "<group>"; };
		0D5A471E18C57A16007D85FE /* Images.xcassets */ = {isa = PBXFileReference; lastKnownFileType = folder.assetcatalog; name = Images.xcassets; path = ..; sourceTree = "<group>"; };
		0D5A472418C57A16007D85FE /* practiceTests.xctest */ = {isa = PBXFileReference; explicitFileType = wrapper.cfbundle; includeInIndex = 0; path = practiceTests.xctest; sourceTree = BUILT_PRODUCTS_DIR; };
		0D5A472518C57A16007D85FE /* XCTest.framework */ = {isa = PBXFileReference; lastKnownFileType = wrapper.framework; name = XCTest.framework; path = Library/Frameworks/XCTest.framework; sourceTree = DEVELOPER_DIR; };
		0D5A472D18C57A16007D85FE /* practiceTests-Info.plist */ = {isa = PBXFileReference; lastKnownFileType = text.plist.xml; path = "practiceTests-Info.plist"; sourceTree = "<group>"; };
		0D5A472F18C57A16007D85FE /* en */ = {isa = PBXFileReference; lastKnownFileType = text.plist.strings; name = en; path = en.lproj/InfoPlist.strings; sourceTree = "<group>"; };
		0D5A473118C57A16007D85FE /* practiceTests.m */ = {isa = PBXFileReference; lastKnownFileType = sourcecode.c.objc; path = practiceTests.m; sourceTree = "<group>"; };
		0D5A473B18C57A33007D85FE /* MyViewController.h */ = {isa = PBXFileReference; fileEncoding = 4; lastKnownFileType = sourcecode.c.h; path = MyViewController.h; sourceTree = "<group>"; };
		0D5A473C18C57A33007D85FE /* MyViewController.m */ = {isa = PBXFileReference; fileEncoding = 4; lastKnownFileType = sourcecode.c.objc; path = MyViewController.m; sourceTree = "<group>"; };
		0D5A473D18C57A33007D85FE /* MyViewController.xib */ = {isa = PBXFileReference; fileEncoding = 4; lastKnownFileType = file.xib; path = MyViewController.xib; sourceTree = "<group>"; };
		0D5A478918C57CCF007D85FE /* MyTableViewCell.xib */ = {isa = PBXFileReference; fileEncoding = 4; lastKnownFileType = file.xib; path = MyTableViewCell.xib; sourceTree = "<group>"; };
		0D5A47AD18C57DBC007D85FE /* MyTableViewCell.h */ = {isa = PBXFileReference; fileEncoding = 4; lastKnownFileType = sourcecode.c.h; name = MyTableViewCell.h; path = ../MyTableViewCell/MyTableViewCell.h; sourceTree = "<group>"; };
		0D5A47AE18C57DBC007D85FE /* MyTableViewCell.m */ = {isa = PBXFileReference; fileEncoding = 4; lastKnownFileType = sourcecode.c.objc; name = MyTableViewCell.m; path = ../MyTableViewCell/MyTableViewCell.m; sourceTree = "<group>"; };
		0D5A47B018C5855C007D85FE /* AddViewController.h */ = {isa = PBXFileReference; fileEncoding = 4; lastKnownFileType = sourcecode.c.h; name = AddViewController.h; path = ../practice/AddViewController.h; sourceTree = "<group>"; };
		0D5A47B118C5855C007D85FE /* AddViewController.m */ = {isa = PBXFileReference; fileEncoding = 4; lastKnownFileType = sourcecode.c.objc; name = AddViewController.m; path = ../practice/AddViewController.m; sourceTree = "<group>"; };
		0D5A47B218C5855C007D85FE /* AddViewController.xib */ = {isa = PBXFileReference; fileEncoding = 4; lastKnownFileType = file.xib; name = AddViewController.xib; path = ../practice/AddViewController.xib; sourceTree = "<group>"; };
		0D5A47B518C591A9007D85FE /* CellData.h */ = {isa = PBXFileReference; fileEncoding = 4; lastKnownFileType = sourcecode.c.h; path = CellData.h; sourceTree = "<group>"; };
		0D5A47B618C591A9007D85FE /* CellData.m */ = {isa = PBXFileReference; fileEncoding = 4; lastKnownFileType = sourcecode.c.objc; path = CellData.m; sourceTree = "<group>"; };
		0D8F0D2E18C9C1370090982B /* DataBase.h */ = {isa = PBXFileReference; fileEncoding = 4; lastKnownFileType = sourcecode.c.h; path = DataBase.h; sourceTree = "<group>"; };
		0D8F0D3118C9C1E00090982B /* DataBase.m */ = {isa = PBXFileReference; fileEncoding = 4; lastKnownFileType = sourcecode.c.objc; path = DataBase.m; sourceTree = "<group>"; };
		0DC7111018C703F10052DE96 /* LockViewController.h */ = {isa = PBXFileReference; fileEncoding = 4; lastKnownFileType = sourcecode.c.h; path = LockViewController.h; sourceTree = "<group>"; };
		0DC7111118C703F10052DE96 /* LockViewController.m */ = {isa = PBXFileReference; fileEncoding = 4; lastKnownFileType = sourcecode.c.objc; path = LockViewController.m; sourceTree = "<group>"; };
		0DC7111218C703F10052DE96 /* LockViewController.xib */ = {isa = PBXFileReference; fileEncoding = 4; lastKnownFileType = file.xib; path = LockViewController.xib; sourceTree = "<group>"; };
		0DF3449A18C979BC00DA0DC6 /* FMDatabase.h */ = {isa = PBXFileReference; fileEncoding = 4; lastKnownFileType = sourcecode.c.h; path = FMDatabase.h; sourceTree = "<group>"; };
		0DF3449B18C979BC00DA0DC6 /* FMDatabase.m */ = {isa = PBXFileReference; fileEncoding = 4; lastKnownFileType = sourcecode.c.objc; path = FMDatabase.m; sourceTree = "<group>"; };
		0DF3449C18C979BC00DA0DC6 /* FMDatabaseAdditions.h */ = {isa = PBXFileReference; fileEncoding = 4; lastKnownFileType = sourcecode.c.h; path = FMDatabaseAdditions.h; sourceTree = "<group>"; };
		0DF3449D18C979BC00DA0DC6 /* FMDatabaseAdditions.m */ = {isa = PBXFileReference; fileEncoding = 4; lastKnownFileType = sourcecode.c.objc; path = FMDatabaseAdditions.m; sourceTree = "<group>"; };
		0DF3449E18C979BC00DA0DC6 /* FMDatabasePool.h */ = {isa = PBXFileReference; fileEncoding = 4; lastKnownFileType = sourcecode.c.h; path = FMDatabasePool.h; sourceTree = "<group>"; };
		0DF3449F18C979BC00DA0DC6 /* FMDatabasePool.m */ = {isa = PBXFileReference; fileEncoding = 4; lastKnownFileType = sourcecode.c.objc; path = FMDatabasePool.m; sourceTree = "<group>"; };
		0DF344A018C979BC00DA0DC6 /* FMDatabaseQueue.h */ = {isa = PBXFileReference; fileEncoding = 4; lastKnownFileType = sourcecode.c.h; path = FMDatabaseQueue.h; sourceTree = "<group>"; };
		0DF344A118C979BC00DA0DC6 /* FMDatabaseQueue.m */ = {isa = PBXFileReference; fileEncoding = 4; lastKnownFileType = sourcecode.c.objc; path = FMDatabaseQueue.m; sourceTree = "<group>"; };
		0DF344A218C979BC00DA0DC6 /* FMResultSet.h */ = {isa = PBXFileReference; fileEncoding = 4; lastKnownFileType = sourcecode.c.h; path = FMResultSet.h; sourceTree = "<group>"; };
		0DF344A318C979BC00DA0DC6 /* FMResultSet.m */ = {isa = PBXFileReference; fileEncoding = 4; lastKnownFileType = sourcecode.c.objc; path = FMResultSet.m; sourceTree = "<group>"; };
		0DF344A918C979EB00DA0DC6 /* libsqlite3.dylib */ = {isa = PBXFileReference; lastKnownFileType = "compiled.mach-o.dylib"; name = libsqlite3.dylib; path = usr/lib/libsqlite3.dylib; sourceTree = SDKROOT; };
		0DF344AB18C9BA6A00DA0DC6 /* define.h */ = {isa = PBXFileReference; lastKnownFileType = sourcecode.c.h; path = define.h; sourceTree = "<group>"; };
/* End PBXFileReference section */

/* Begin PBXFrameworksBuildPhase section */
		0D5A470618C57A16007D85FE /* Frameworks */ = {
			isa = PBXFrameworksBuildPhase;
			buildActionMask = 2147483647;
			files = (
				0DF344AA18C979EB00DA0DC6 /* libsqlite3.dylib in Frameworks */,
				0D5A470F18C57A16007D85FE /* CoreGraphics.framework in Frameworks */,
				0D5A471118C57A16007D85FE /* UIKit.framework in Frameworks */,
				0D5A470D18C57A16007D85FE /* Foundation.framework in Frameworks */,
			);
			runOnlyForDeploymentPostprocessing = 0;
		};
		0D5A472118C57A16007D85FE /* Frameworks */ = {
			isa = PBXFrameworksBuildPhase;
			buildActionMask = 2147483647;
			files = (
				0D5A472618C57A16007D85FE /* XCTest.framework in Frameworks */,
				0D5A472818C57A16007D85FE /* UIKit.framework in Frameworks */,
				0D5A472718C57A16007D85FE /* Foundation.framework in Frameworks */,
			);
			runOnlyForDeploymentPostprocessing = 0;
		};
/* End PBXFrameworksBuildPhase section */

/* Begin PBXGroup section */
		0D21669B18C60FEB00FF4612 /* SettingViewController */ = {
			isa = PBXGroup;
			children = (
				0D21669C18C6101200FF4612 /* SettingViewController.h */,
				0D21669D18C6101200FF4612 /* SettingViewController.m */,
				0D21669E18C6101200FF4612 /* SettingViewController.xib */,
			);
			name = SettingViewController;
			path = ../SettingViewController;
			sourceTree = "<group>";
		};
		0D37726B18C6BB6300CDD568 /* MyDetailViewController */ = {
			isa = PBXGroup;
			children = (
				0D37726618C6B9A300CDD568 /* MyDetailViewController.h */,
				0D37726718C6B9A300CDD568 /* MyDetailViewController.m */,
				0D37726818C6B9A300CDD568 /* MyDetailViewController.xib */,
				0D37726E18C6BF4000CDD568 /* DatailAvatarAndNameCell.h */,
				0D37726F18C6BF4000CDD568 /* DatailAvatarAndNameCell.m */,
				0D37726C18C6BF2900CDD568 /* DatailAvatarAndNameCell.xib */,
				0D37727318C6C07C00CDD568 /* DatailContentCell.h */,
				0D37727418C6C07C00CDD568 /* DatailContentCell.m */,
				0D37727118C6C06200CDD568 /* DatailContentCell.xib */,
				0D0F9CD018C737B7007DBD61 /* DetailRemarkCell.h */,
				0D0F9CD118C737B7007DBD61 /* DetailRemarkCell.m */,
				0D0F9CCE18C737AC007DBD61 /* DetailRemarkCell.xib */,
			);
			name = MyDetailViewController;
			path = ../MyDetailViewController;
			sourceTree = "<group>";
		};
		0D5A470018C57A16007D85FE = {
			isa = PBXGroup;
			children = (
				0D5A471218C57A16007D85FE /* practice */,
				0D5A472B18C57A16007D85FE /* practiceTests */,
				0D5A470B18C57A16007D85FE /* Frameworks */,
				0D5A470A18C57A16007D85FE /* Products */,
			);
			sourceTree = "<group>";
		};
		0D5A470A18C57A16007D85FE /* Products */ = {
			isa = PBXGroup;
			children = (
				0D5A470918C57A16007D85FE /* practice.app */,
				0D5A472418C57A16007D85FE /* practiceTests.xctest */,
			);
			name = Products;
			sourceTree = "<group>";
		};
		0D5A470B18C57A16007D85FE /* Frameworks */ = {
			isa = PBXGroup;
			children = (
				0DF344A918C979EB00DA0DC6 /* libsqlite3.dylib */,
				0D5A470C18C57A16007D85FE /* Foundation.framework */,
				0D5A470E18C57A16007D85FE /* CoreGraphics.framework */,
				0D5A471018C57A16007D85FE /* UIKit.framework */,
				0D5A472518C57A16007D85FE /* XCTest.framework */,
			);
			name = Frameworks;
			sourceTree = "<group>";
		};
		0D5A471218C57A16007D85FE /* practice */ = {
			isa = PBXGroup;
			children = (
				0DF3449918C979BC00DA0DC6 /* fmdb */,
				0D37726B18C6BB6300CDD568 /* MyDetailViewController */,
				0D21669B18C60FEB00FF4612 /* SettingViewController */,
				0D5A47B818C5946F007D85FE /* AddViewController */,
				0D5A47AD18C57DBC007D85FE /* MyTableViewCell.h */,
				0D5A47AE18C57DBC007D85FE /* MyTableViewCell.m */,
				0D5A478918C57CCF007D85FE /* MyTableViewCell.xib */,
				0D5A473B18C57A33007D85FE /* MyViewController.h */,
				0D5A473C18C57A33007D85FE /* MyViewController.m */,
				0D5A473D18C57A33007D85FE /* MyViewController.xib */,
				0DC7111018C703F10052DE96 /* LockViewController.h */,
				0DC7111118C703F10052DE96 /* LockViewController.m */,
				0DC7111218C703F10052DE96 /* LockViewController.xib */,
				0DF344AB18C9BA6A00DA0DC6 /* define.h */,
				0D8F0D2E18C9C1370090982B /* DataBase.h */,
				0D8F0D3118C9C1E00090982B /* DataBase.m */,
				0D5A47B518C591A9007D85FE /* CellData.h */,
				0D5A47B618C591A9007D85FE /* CellData.m */,
				0DC7111518C7048E0052DE96 /* resource */,
				0D5A471318C57A16007D85FE /* Supporting Files */,
			);
			path = practice;
			sourceTree = "<group>";
		};
		0D5A471318C57A16007D85FE /* Supporting Files */ = {
			isa = PBXGroup;
			children = (
				0D5A471B18C57A16007D85FE /* AppDelegate.h */,
				0D5A471C18C57A16007D85FE /* AppDelegate.m */,
				0D5A471818C57A16007D85FE /* main.m */,
				0D5A471A18C57A16007D85FE /* practice-Prefix.pch */,
			);
			name = "Supporting Files";
			sourceTree = "<group>";
		};
		0D5A472B18C57A16007D85FE /* practiceTests */ = {
			isa = PBXGroup;
			children = (
				0D5A473118C57A16007D85FE /* practiceTests.m */,
				0D5A472C18C57A16007D85FE /* Supporting Files */,
			);
			path = practiceTests;
			sourceTree = "<group>";
		};
		0D5A472C18C57A16007D85FE /* Supporting Files */ = {
			isa = PBXGroup;
			children = (
				0D5A472D18C57A16007D85FE /* practiceTests-Info.plist */,
				0D5A472E18C57A16007D85FE /* InfoPlist.strings */,
			);
			name = "Supporting Files";
			sourceTree = "<group>";
		};
		0D5A47B818C5946F007D85FE /* AddViewController */ = {
			isa = PBXGroup;
			children = (
				0D5A47B018C5855C007D85FE /* AddViewController.h */,
				0D5A47B118C5855C007D85FE /* AddViewController.m */,
				0D5A47B218C5855C007D85FE /* AddViewController.xib */,
				0D11260A18C607EC00CD27D3 /* ImageAndNameCell.h */,
				0D11260B18C607EC00CD27D3 /* ImageAndNameCell.m */,
				0D11260618C6077F00CD27D3 /* ImageAndNameCell.xib */,
				0D11260F18C6093600CD27D3 /* LabelTextFieldCell.h */,
				0D11261018C6093600CD27D3 /* LabelTextFieldCell.m */,
				0D11260D18C6092700CD27D3 /* LabelTextFieldCell.xib */,
				0D0F9CCB18C733A7007DBD61 /* RemarkCell.h */,
				0D0F9CCC18C733A7007DBD61 /* RemarkCell.m */,
				0D0F9CC918C73387007DBD61 /* RemarkCell.xib */,
			);
			name = AddViewController;
			path = ../AddViewController;
			sourceTree = "<group>";
		};
		0DC7111518C7048E0052DE96 /* resource */ = {
			isa = PBXGroup;
			children = (
				0D5A471E18C57A16007D85FE /* Images.xcassets */,
				0D11260818C607BE00CD27D3 /* avatar.png */,
			);
			name = resource;
			path = Images.xcassets/resource;
			sourceTree = "<group>";
		};
		0DF3449918C979BC00DA0DC6 /* fmdb */ = {
			isa = PBXGroup;
			children = (
				0DF3449A18C979BC00DA0DC6 /* FMDatabase.h */,
				0DF3449B18C979BC00DA0DC6 /* FMDatabase.m */,
				0DF3449C18C979BC00DA0DC6 /* FMDatabaseAdditions.h */,
				0DF3449D18C979BC00DA0DC6 /* FMDatabaseAdditions.m */,
				0DF3449E18C979BC00DA0DC6 /* FMDatabasePool.h */,
				0DF3449F18C979BC00DA0DC6 /* FMDatabasePool.m */,
				0DF344A018C979BC00DA0DC6 /* FMDatabaseQueue.h */,
				0DF344A118C979BC00DA0DC6 /* FMDatabaseQueue.m */,
				0DF344A218C979BC00DA0DC6 /* FMResultSet.h */,
				0DF344A318C979BC00DA0DC6 /* FMResultSet.m */,
			);
			name = fmdb;
			path = ../fmdb;
			sourceTree = "<group>";
		};
/* End PBXGroup section */

/* Begin PBXNativeTarget section */
		0D5A470818C57A16007D85FE /* practice */ = {
			isa = PBXNativeTarget;
			buildConfigurationList = 0D5A473518C57A16007D85FE /* Build configuration list for PBXNativeTarget "practice" */;
			buildPhases = (
				0D5A470518C57A16007D85FE /* Sources */,
				0D5A470618C57A16007D85FE /* Frameworks */,
				0D5A470718C57A16007D85FE /* Resources */,
			);
			buildRules = (
			);
			dependencies = (
			);
			name = practice;
			productName = practice;
			productReference = 0D5A470918C57A16007D85FE /* practice.app */;
			productType = "com.apple.product-type.application";
		};
		0D5A472318C57A16007D85FE /* practiceTests */ = {
			isa = PBXNativeTarget;
			buildConfigurationList = 0D5A473818C57A16007D85FE /* Build configuration list for PBXNativeTarget "practiceTests" */;
			buildPhases = (
				0D5A472018C57A16007D85FE /* Sources */,
				0D5A472118C57A16007D85FE /* Frameworks */,
				0D5A472218C57A16007D85FE /* Resources */,
			);
			buildRules = (
			);
			dependencies = (
				0D5A472A18C57A16007D85FE /* PBXTargetDependency */,
			);
			name = practiceTests;
			productName = practiceTests;
			productReference = 0D5A472418C57A16007D85FE /* practiceTests.xctest */;
			productType = "com.apple.product-type.bundle.unit-test";
		};
/* End PBXNativeTarget section */

/* Begin PBXProject section */
		0D5A470118C57A16007D85FE /* Project object */ = {
			isa = PBXProject;
			attributes = {
				LastUpgradeCheck = 0500;
				ORGANIZATIONNAME = na;
				TargetAttributes = {
					0D5A472318C57A16007D85FE = {
						TestTargetID = 0D5A470818C57A16007D85FE;
					};
				};
			};
			buildConfigurationList = 0D5A470418C57A16007D85FE /* Build configuration list for PBXProject "practice" */;
			compatibilityVersion = "Xcode 3.2";
			developmentRegion = English;
			hasScannedForEncodings = 0;
			knownRegions = (
				en,
			);
			mainGroup = 0D5A470018C57A16007D85FE;
			productRefGroup = 0D5A470A18C57A16007D85FE /* Products */;
			projectDirPath = "";
			projectRoot = "";
			targets = (
				0D5A470818C57A16007D85FE /* practice */,
				0D5A472318C57A16007D85FE /* practiceTests */,
			);
		};
/* End PBXProject section */

/* Begin PBXResourcesBuildPhase section */
		0D5A470718C57A16007D85FE /* Resources */ = {
			isa = PBXResourcesBuildPhase;
			buildActionMask = 2147483647;
			files = (
				0D37727218C6C06200CDD568 /* DatailContentCell.xib in Resources */,
				0D11260E18C6092700CD27D3 /* LabelTextFieldCell.xib in Resources */,
				0D37726D18C6BF2900CDD568 /* DatailAvatarAndNameCell.xib in Resources */,
				0D2166A018C6101200FF4612 /* SettingViewController.xib in Resources */,
				0D11260718C6077F00CD27D3 /* ImageAndNameCell.xib in Resources */,
				0D11260918C607BE00CD27D3 /* avatar.png in Resources */,
				0DC7111418C703F10052DE96 /* LockViewController.xib in Resources */,
				0D5A478A18C57CCF007D85FE /* MyTableViewCell.xib in Resources */,
				0D0F9CCF18C737AC007DBD61 /* DetailRemarkCell.xib in Resources */,
				0D5A47B418C5855C007D85FE /* AddViewController.xib in Resources */,
				0D5A473F18C57A33007D85FE /* MyViewController.xib in Resources */,
				0D0F9CCA18C73387007DBD61 /* RemarkCell.xib in Resources */,
				0D37726A18C6B9A300CDD568 /* MyDetailViewController.xib in Resources */,
				0D5A471F18C57A16007D85FE /* Images.xcassets in Resources */,
			);
			runOnlyForDeploymentPostprocessing = 0;
		};
		0D5A472218C57A16007D85FE /* Resources */ = {
			isa = PBXResourcesBuildPhase;
			buildActionMask = 2147483647;
			files = (
				0D5A473018C57A16007D85FE /* InfoPlist.strings in Resources */,
			);
			runOnlyForDeploymentPostprocessing = 0;
		};
/* End PBXResourcesBuildPhase section */

/* Begin PBXSourcesBuildPhase section */
		0D5A470518C57A16007D85FE /* Sources */ = {
			isa = PBXSourcesBuildPhase;
			buildActionMask = 2147483647;
			files = (
				0DC7111318C703F10052DE96 /* LockViewController.m in Sources */,
				0D0F9CCD18C733A7007DBD61 /* RemarkCell.m in Sources */,
				0D11261118C6093600CD27D3 /* LabelTextFieldCell.m in Sources */,
				0D37727018C6BF4000CDD568 /* DatailAvatarAndNameCell.m in Sources */,
				0DF344A518C979BC00DA0DC6 /* FMDatabaseAdditions.m in Sources */,
				0D5A47B318C5855C007D85FE /* AddViewController.m in Sources */,
				0D5A47B718C591A9007D85FE /* CellData.m in Sources */,
				0D5A473E18C57A33007D85FE /* MyViewController.m in Sources */,
				0D8F0D3218C9C1E00090982B /* DataBase.m in Sources */,
				0D0F9CD218C737B7007DBD61 /* DetailRemarkCell.m in Sources */,
				0DF344A718C979BC00DA0DC6 /* FMDatabaseQueue.m in Sources */,
				0D5A47AF18C57DBC007D85FE /* MyTableViewCell.m in Sources */,
				0D21669F18C6101200FF4612 /* SettingViewController.m in Sources */,
				0D5A471D18C57A16007D85FE /* AppDelegate.m in Sources */,
				0D37727518C6C07C00CDD568 /* DatailContentCell.m in Sources */,
				0DF344A818C979BC00DA0DC6 /* FMResultSet.m in Sources */,
				0DF344A618C979BC00DA0DC6 /* FMDatabasePool.m in Sources */,
				0D5A471918C57A16007D85FE /* main.m in Sources */,
				0D37726918C6B9A300CDD568 /* MyDetailViewController.m in Sources */,
				0D11260C18C607EC00CD27D3 /* ImageAndNameCell.m in Sources */,
				0DF344A418C979BC00DA0DC6 /* FMDatabase.m in Sources */,
			);
			runOnlyForDeploymentPostprocessing = 0;
		};
		0D5A472018C57A16007D85FE /* Sources */ = {
			isa = PBXSourcesBuildPhase;
			buildActionMask = 2147483647;
			files = (
				0D5A473218C57A16007D85FE /* practiceTests.m in Sources */,
			);
			runOnlyForDeploymentPostprocessing = 0;
		};
/* End PBXSourcesBuildPhase section */

/* Begin PBXTargetDependency section */
		0D5A472A18C57A16007D85FE /* PBXTargetDependency */ = {
			isa = PBXTargetDependency;
			target = 0D5A470818C57A16007D85FE /* practice */;
			targetProxy = 0D5A472918C57A16007D85FE /* PBXContainerItemProxy */;
		};
/* End PBXTargetDependency section */

/* Begin PBXVariantGroup section */
		0D5A472E18C57A16007D85FE /* InfoPlist.strings */ = {
			isa = PBXVariantGroup;
			children = (
				0D5A472F18C57A16007D85FE /* en */,
			);
			name = InfoPlist.strings;
			sourceTree = "<group>";
		};
/* End PBXVariantGroup section */

/* Begin XCBuildConfiguration section */
		0D5A473318C57A16007D85FE /* Debug */ = {
			isa = XCBuildConfiguration;
			buildSettings = {
				ALWAYS_SEARCH_USER_PATHS = NO;
				ARCHS = "$(ARCHS_STANDARD_INCLUDING_64_BIT)";
				CLANG_CXX_LANGUAGE_STANDARD = "gnu++0x";
				CLANG_CXX_LIBRARY = "libc++";
				CLANG_ENABLE_MODULES = YES;
				CLANG_ENABLE_OBJC_ARC = YES;
				CLANG_WARN_BOOL_CONVERSION = YES;
				CLANG_WARN_CONSTANT_CONVERSION = YES;
				CLANG_WARN_DIRECT_OBJC_ISA_USAGE = YES_ERROR;
				CLANG_WARN_EMPTY_BODY = YES;
				CLANG_WARN_ENUM_CONVERSION = YES;
				CLANG_WARN_INT_CONVERSION = YES;
				CLANG_WARN_OBJC_ROOT_CLASS = YES_ERROR;
				CLANG_WARN__DUPLICATE_METHOD_MATCH = YES;
				"CODE_SIGN_IDENTITY[sdk=iphoneos*]" = "iPhone Developer";
				COPY_PHASE_STRIP = NO;
				GCC_C_LANGUAGE_STANDARD = gnu99;
				GCC_DYNAMIC_NO_PIC = NO;
				GCC_OPTIMIZATION_LEVEL = 0;
				GCC_PREPROCESSOR_DEFINITIONS = (
					"DEBUG=1",
					"$(inherited)",
				);
				GCC_SYMBOLS_PRIVATE_EXTERN = NO;
				GCC_WARN_64_TO_32_BIT_CONVERSION = YES;
				GCC_WARN_ABOUT_RETURN_TYPE = YES_ERROR;
				GCC_WARN_UNDECLARED_SELECTOR = YES;
				GCC_WARN_UNINITIALIZED_AUTOS = YES;
				GCC_WARN_UNUSED_FUNCTION = YES;
				GCC_WARN_UNUSED_VARIABLE = YES;
				IPHONEOS_DEPLOYMENT_TARGET = 7.0;
				ONLY_ACTIVE_ARCH = YES;
				SDKROOT = iphoneos;
			};
			name = Debug;
		};
		0D5A473418C57A16007D85FE /* Release */ = {
			isa = XCBuildConfiguration;
			buildSettings = {
				ALWAYS_SEARCH_USER_PATHS = NO;
				ARCHS = "$(ARCHS_STANDARD_INCLUDING_64_BIT)";
				CLANG_CXX_LANGUAGE_STANDARD = "gnu++0x";
				CLANG_CXX_LIBRARY = "libc++";
				CLANG_ENABLE_MODULES = YES;
				CLANG_ENABLE_OBJC_ARC = YES;
				CLANG_WARN_BOOL_CONVERSION = YES;
				CLANG_WARN_CONSTANT_CONVERSION = YES;
				CLANG_WARN_DIRECT_OBJC_ISA_USAGE = YES_ERROR;
				CLANG_WARN_EMPTY_BODY = YES;
				CLANG_WARN_ENUM_CONVERSION = YES;
				CLANG_WARN_INT_CONVERSION = YES;
				CLANG_WARN_OBJC_ROOT_CLASS = YES_ERROR;
				CLANG_WARN__DUPLICATE_METHOD_MATCH = YES;
				"CODE_SIGN_IDENTITY[sdk=iphoneos*]" = "iPhone Developer";
				COPY_PHASE_STRIP = YES;
				ENABLE_NS_ASSERTIONS = NO;
				GCC_C_LANGUAGE_STANDARD = gnu99;
				GCC_WARN_64_TO_32_BIT_CONVERSION = YES;
				GCC_WARN_ABOUT_RETURN_TYPE = YES_ERROR;
				GCC_WARN_UNDECLARED_SELECTOR = YES;
				GCC_WARN_UNINITIALIZED_AUTOS = YES;
				GCC_WARN_UNUSED_FUNCTION = YES;
				GCC_WARN_UNUSED_VARIABLE = YES;
				IPHONEOS_DEPLOYMENT_TARGET = 7.0;
				SDKROOT = iphoneos;
				VALIDATE_PRODUCT = YES;
			};
			name = Release;
		};
		0D5A473618C57A16007D85FE /* Debug */ = {
			isa = XCBuildConfiguration;
			buildSettings = {
				ASSETCATALOG_COMPILER_APPICON_NAME = AppIcon;
				ASSETCATALOG_COMPILER_LAUNCHIMAGE_NAME = LaunchImage;
				GCC_PRECOMPILE_PREFIX_HEADER = YES;
				GCC_PREFIX_HEADER = "practice/practice-Prefix.pch";
				INFOPLIST_FILE = "practice/practice-Info.plist";
				PRODUCT_NAME = "$(TARGET_NAME)";
				WRAPPER_EXTENSION = app;
			};
			name = Debug;
		};
		0D5A473718C57A16007D85FE /* Release */ = {
			isa = XCBuildConfiguration;
			buildSettings = {
				ASSETCATALOG_COMPILER_APPICON_NAME = AppIcon;
				ASSETCATALOG_COMPILER_LAUNCHIMAGE_NAME = LaunchImage;
				GCC_PRECOMPILE_PREFIX_HEADER = YES;
				GCC_PREFIX_HEADER = "practice/practice-Prefix.pch";
				INFOPLIST_FILE = "practice/practice-Info.plist";
				PRODUCT_NAME = "$(TARGET_NAME)";
				WRAPPER_EXTENSION = app;
			};
			name = Release;
		};
		0D5A473918C57A16007D85FE /* Debug */ = {
			isa = XCBuildConfiguration;
			buildSettings = {
				ARCHS = "$(ARCHS_STANDARD_INCLUDING_64_BIT)";
				BUNDLE_LOADER = "$(BUILT_PRODUCTS_DIR)/practice.app/practice";
				FRAMEWORK_SEARCH_PATHS = (
					"$(SDKROOT)/Developer/Library/Frameworks",
					"$(inherited)",
					"$(DEVELOPER_FRAMEWORKS_DIR)",
				);
				GCC_PRECOMPILE_PREFIX_HEADER = YES;
				GCC_PREFIX_HEADER = "practice/practice-Prefix.pch";
				GCC_PREPROCESSOR_DEFINITIONS = (
					"DEBUG=1",
					"$(inherited)",
				);
				INFOPLIST_FILE = "practiceTests/practiceTests-Info.plist";
				PRODUCT_NAME = "$(TARGET_NAME)";
				TEST_HOST = "$(BUNDLE_LOADER)";
				WRAPPER_EXTENSION = xctest;
			};
			name = Debug;
		};
		0D5A473A18C57A16007D85FE /* Release */ = {
			isa = XCBuildConfiguration;
			buildSettings = {
				ARCHS = "$(ARCHS_STANDARD_INCLUDING_64_BIT)";
				BUNDLE_LOADER = "$(BUILT_PRODUCTS_DIR)/practice.app/practice";
				FRAMEWORK_SEARCH_PATHS = (
					"$(SDKROOT)/Developer/Library/Frameworks",
					"$(inherited)",
					"$(DEVELOPER_FRAMEWORKS_DIR)",
				);
				GCC_PRECOMPILE_PREFIX_HEADER = YES;
				GCC_PREFIX_HEADER = "practice/practice-Prefix.pch";
				INFOPLIST_FILE = "practiceTests/practiceTests-Info.plist";
				PRODUCT_NAME = "$(TARGET_NAME)";
				TEST_HOST = "$(BUNDLE_LOADER)";
				WRAPPER_EXTENSION = xctest;
			};
			name = Release;
		};
/* End XCBuildConfiguration section */

/* Begin XCConfigurationList section */
		0D5A470418C57A16007D85FE /* Build configuration list for PBXProject "practice" */ = {
			isa = XCConfigurationList;
			buildConfigurations = (
				0D5A473318C57A16007D85FE /* Debug */,
				0D5A473418C57A16007D85FE /* Release */,
			);
			defaultConfigurationIsVisible = 0;
			defaultConfigurationName = Release;
		};
		0D5A473518C57A16007D85FE /* Build configuration list for PBXNativeTarget "practice" */ = {
			isa = XCConfigurationList;
			buildConfigurations = (
				0D5A473618C57A16007D85FE /* Debug */,
				0D5A473718C57A16007D85FE /* Release */,
			);
			defaultConfigurationIsVisible = 0;
			defaultConfigurationName = Release;
		};
		0D5A473818C57A16007D85FE /* Build configuration list for PBXNativeTarget "practiceTests" */ = {
			isa = XCConfigurationList;
			buildConfigurations = (
				0D5A473918C57A16007D85FE /* Debug */,
				0D5A473A18C57A16007D85FE /* Release */,
			);
			defaultConfigurationIsVisible = 0;
			defaultConfigurationName = Release;
		};
/* End XCConfigurationList section */
	};
	rootObject = 0D5A470118C57A16007D85FE /* Project object */;
}
